// !$*UTF8*$!
{
	archiveVersion = 1;
	classes = {
	};
	objectVersion = 56;
	objects = {

/* Begin PBXBuildFile section */
		EC4652512BD006EB00AE8068 /* SwiftUIBBQuotesApp.swift in Sources */ = {isa = PBXBuildFile; fileRef = EC4652502BD006EB00AE8068 /* SwiftUIBBQuotesApp.swift */; };
		EC4652532BD006EB00AE8068 /* ContentView.swift in Sources */ = {isa = PBXBuildFile; fileRef = EC4652522BD006EB00AE8068 /* ContentView.swift */; };
		EC4652552BD006EC00AE8068 /* Assets.xcassets in Resources */ = {isa = PBXBuildFile; fileRef = EC4652542BD006EC00AE8068 /* Assets.xcassets */; };
		EC4652582BD006EC00AE8068 /* Preview Assets.xcassets in Resources */ = {isa = PBXBuildFile; fileRef = EC4652572BD006EC00AE8068 /* Preview Assets.xcassets */; };
		EC46525F2BD02D9C00AE8068 /* samplecharacter.json in Resources */ = {isa = PBXBuildFile; fileRef = EC46525E2BD02D9C00AE8068 /* samplecharacter.json */; };
		EC4652612BD036CD00AE8068 /* Quote.swift in Sources */ = {isa = PBXBuildFile; fileRef = EC4652602BD036CD00AE8068 /* Quote.swift */; };
		EC4652632BD0395800AE8068 /* Character.swift in Sources */ = {isa = PBXBuildFile; fileRef = EC4652622BD0395800AE8068 /* Character.swift */; };
		EC4652652BD03FB500AE8068 /* FetchController.swift in Sources */ = {isa = PBXBuildFile; fileRef = EC4652642BD03FB500AE8068 /* FetchController.swift */; };
		ECE1C2342BD1457100B14703 /* ViewModel.swift in Sources */ = {isa = PBXBuildFile; fileRef = ECE1C2332BD1457100B14703 /* ViewModel.swift */; };
		ECF202082BD080EC00D4BDAD /* Constants.swift in Sources */ = {isa = PBXBuildFile; fileRef = ECF202072BD080EC00D4BDAD /* Constants.swift */; };
/* End PBXBuildFile section */

/* Begin PBXFileReference section */
		EC46524D2BD006EA00AE8068 /* SwiftUIBBQuotes.app */ = {isa = PBXFileReference; explicitFileType = wrapper.application; includeInIndex = 0; path = SwiftUIBBQuotes.app; sourceTree = BUILT_PRODUCTS_DIR; };
		EC4652502BD006EB00AE8068 /* SwiftUIBBQuotesApp.swift */ = {isa = PBXFileReference; lastKnownFileType = sourcecode.swift; path = SwiftUIBBQuotesApp.swift; sourceTree = "<group>"; };
		EC4652522BD006EB00AE8068 /* ContentView.swift */ = {isa = PBXFileReference; lastKnownFileType = sourcecode.swift; path = ContentView.swift; sourceTree = "<group>"; };
		EC4652542BD006EC00AE8068 /* Assets.xcassets */ = {isa = PBXFileReference; lastKnownFileType = folder.assetcatalog; path = Assets.xcassets; sourceTree = "<group>"; };
		EC4652572BD006EC00AE8068 /* Preview Assets.xcassets */ = {isa = PBXFileReference; lastKnownFileType = folder.assetcatalog; path = "Preview Assets.xcassets"; sourceTree = "<group>"; };
		EC46525E2BD02D9C00AE8068 /* samplecharacter.json */ = {isa = PBXFileReference; fileEncoding = 4; lastKnownFileType = text.json; path = samplecharacter.json; sourceTree = "<group>"; };
		EC4652602BD036CD00AE8068 /* Quote.swift */ = {isa = PBXFileReference; lastKnownFileType = sourcecode.swift; path = Quote.swift; sourceTree = "<group>"; };
		EC4652622BD0395800AE8068 /* Character.swift */ = {isa = PBXFileReference; lastKnownFileType = sourcecode.swift; path = Character.swift; sourceTree = "<group>"; };
		EC4652642BD03FB500AE8068 /* FetchController.swift */ = {isa = PBXFileReference; lastKnownFileType = sourcecode.swift; path = FetchController.swift; sourceTree = "<group>"; };
		ECE1C2332BD1457100B14703 /* ViewModel.swift */ = {isa = PBXFileReference; lastKnownFileType = sourcecode.swift; path = ViewModel.swift; sourceTree = "<group>"; };
		ECF202072BD080EC00D4BDAD /* Constants.swift */ = {isa = PBXFileReference; lastKnownFileType = sourcecode.swift; path = Constants.swift; sourceTree = "<group>"; };
/* End PBXFileReference section */

/* Begin PBXFrameworksBuildPhase section */
		EC46524A2BD006EA00AE8068 /* Frameworks */ = {
			isa = PBXFrameworksBuildPhase;
			buildActionMask = 2147483647;
			files = (
			);
			runOnlyForDeploymentPostprocessing = 0;
		};
/* End PBXFrameworksBuildPhase section */

/* Begin PBXGroup section */
		EC4652442BD006EA00AE8068 = {
			isa = PBXGroup;
			children = (
				EC46524F2BD006EA00AE8068 /* SwiftUIBBQuotes */,
				EC46524E2BD006EA00AE8068 /* Products */,
			);
			sourceTree = "<group>";
		};
		EC46524E2BD006EA00AE8068 /* Products */ = {
			isa = PBXGroup;
			children = (
				EC46524D2BD006EA00AE8068 /* SwiftUIBBQuotes.app */,
			);
			name = Products;
			sourceTree = "<group>";
		};
		EC46524F2BD006EA00AE8068 /* SwiftUIBBQuotes */ = {
			isa = PBXGroup;
			children = (
				EC4652502BD006EB00AE8068 /* SwiftUIBBQuotesApp.swift */,
				EC4652522BD006EB00AE8068 /* ContentView.swift */,
				ECE1C2332BD1457100B14703 /* ViewModel.swift */,
				EC4652642BD03FB500AE8068 /* FetchController.swift */,
				EC4652602BD036CD00AE8068 /* Quote.swift */,
				EC4652622BD0395800AE8068 /* Character.swift */,
				ECF202072BD080EC00D4BDAD /* Constants.swift */,
				EC46525E2BD02D9C00AE8068 /* samplecharacter.json */,
				EC4652542BD006EC00AE8068 /* Assets.xcassets */,
				EC4652562BD006EC00AE8068 /* Preview Content */,
			);
			path = SwiftUIBBQuotes;
			sourceTree = "<group>";
		};
		EC4652562BD006EC00AE8068 /* Preview Content */ = {
			isa = PBXGroup;
			children = (
				EC4652572BD006EC00AE8068 /* Preview Assets.xcassets */,
			);
			path = "Preview Content";
			sourceTree = "<group>";
		};
/* End PBXGroup section */

/* Begin PBXNativeTarget section */
		EC46524C2BD006EA00AE8068 /* SwiftUIBBQuotes */ = {
			isa = PBXNativeTarget;
			buildConfigurationList = EC46525B2BD006EC00AE8068 /* Build configuration list for PBXNativeTarget "SwiftUIBBQuotes" */;
			buildPhases = (
				EC4652492BD006EA00AE8068 /* Sources */,
				EC46524A2BD006EA00AE8068 /* Frameworks */,
				EC46524B2BD006EA00AE8068 /* Resources */,
			);
			buildRules = (
			);
			dependencies = (
			);
			name = SwiftUIBBQuotes;
			productName = SwiftUIBBQuotes;
			productReference = EC46524D2BD006EA00AE8068 /* SwiftUIBBQuotes.app */;
			productType = "com.apple.product-type.application";
		};
/* End PBXNativeTarget section */

/* Begin PBXProject section */
		EC4652452BD006EA00AE8068 /* Project object */ = {
			isa = PBXProject;
			attributes = {
				BuildIndependentTargetsInParallel = 1;
				LastSwiftUpdateCheck = 1530;
				LastUpgradeCheck = 1530;
				TargetAttributes = {
					EC46524C2BD006EA00AE8068 = {
						CreatedOnToolsVersion = 15.3;
					};
				};
			};
			buildConfigurationList = EC4652482BD006EA00AE8068 /* Build configuration list for PBXProject "SwiftUIBBQuotes" */;
			compatibilityVersion = "Xcode 14.0";
			developmentRegion = en;
			hasScannedForEncodings = 0;
			knownRegions = (
				en,
				Base,
			);
			mainGroup = EC4652442BD006EA00AE8068;
			productRefGroup = EC46524E2BD006EA00AE8068 /* Products */;
			projectDirPath = "";
			projectRoot = "";
			targets = (
				EC46524C2BD006EA00AE8068 /* SwiftUIBBQuotes */,
			);
		};
/* End PBXProject section */

/* Begin PBXResourcesBuildPhase section */
		EC46524B2BD006EA00AE8068 /* Resources */ = {
			isa = PBXResourcesBuildPhase;
			buildActionMask = 2147483647;
			files = (
				EC4652582BD006EC00AE8068 /* Preview Assets.xcassets in Resources */,
				EC46525F2BD02D9C00AE8068 /* samplecharacter.json in Resources */,
				EC4652552BD006EC00AE8068 /* Assets.xcassets in Resources */,
			);
			runOnlyForDeploymentPostprocessing = 0;
		};
/* End PBXResourcesBuildPhase section */

/* Begin PBXSourcesBuildPhase section */
		EC4652492BD006EA00AE8068 /* Sources */ = {
			isa = PBXSourcesBuildPhase;
			buildActionMask = 2147483647;
			files = (
				EC4652532BD006EB00AE8068 /* ContentView.swift in Sources */,
				EC4652612BD036CD00AE8068 /* Quote.swift in Sources */,
				EC4652512BD006EB00AE8068 /* SwiftUIBBQuotesApp.swift in Sources */,
				EC4652652BD03FB500AE8068 /* FetchController.swift in Sources */,
				EC4652632BD0395800AE8068 /* Character.swift in Sources */,
				ECF202082BD080EC00D4BDAD /* Constants.swift in Sources */,
				ECE1C2342BD1457100B14703 /* ViewModel.swift in Sources */,
			);
			runOnlyForDeploymentPostprocessing = 0;
		};
/* End PBXSourcesBuildPhase section */

/* Begin XCBuildConfiguration section */
		EC4652592BD006EC00AE8068 /* Debug */ = {
			isa = XCBuildConfiguration;
			buildSettings = {
				ALWAYS_SEARCH_USER_PATHS = NO;
				ASSETCATALOG_COMPILER_GENERATE_SWIFT_ASSET_SYMBOL_EXTENSIONS = YES;
				CLANG_ANALYZER_NONNULL = YES;
				CLANG_ANALYZER_NUMBER_OBJECT_CONVERSION = YES_AGGRESSIVE;
				CLANG_CXX_LANGUAGE_STANDARD = "gnu++20";
				CLANG_ENABLE_MODULES = YES;
				CLANG_ENABLE_OBJC_ARC = YES;
				CLANG_ENABLE_OBJC_WEAK = YES;
				CLANG_WARN_BLOCK_CAPTURE_AUTORELEASING = YES;
				CLANG_WARN_BOOL_CONVERSION = YES;
				CLANG_WARN_COMMA = YES;
				CLANG_WARN_CONSTANT_CONVERSION = YES;
				CLANG_WARN_DEPRECATED_OBJC_IMPLEMENTATIONS = YES;
				CLANG_WARN_DIRECT_OBJC_ISA_USAGE = YES_ERROR;
				CLANG_WARN_DOCUMENTATION_COMMENTS = YES;
				CLANG_WARN_EMPTY_BODY = YES;
				CLANG_WARN_ENUM_CONVERSION = YES;
				CLANG_WARN_INFINITE_RECURSION = YES;
				CLANG_WARN_INT_CONVERSION = YES;
				CLANG_WARN_NON_LITERAL_NULL_CONVERSION = YES;
				CLANG_WARN_OBJC_IMPLICIT_RETAIN_SELF = YES;
				CLANG_WARN_OBJC_LITERAL_CONVERSION = YES;
				CLANG_WARN_OBJC_ROOT_CLASS = YES_ERROR;
				CLANG_WARN_QUOTED_INCLUDE_IN_FRAMEWORK_HEADER = YES;
				CLANG_WARN_RANGE_LOOP_ANALYSIS = YES;
				CLANG_WARN_STRICT_PROTOTYPES = YES;
				CLANG_WARN_SUSPICIOUS_MOVE = YES;
				CLANG_WARN_UNGUARDED_AVAILABILITY = YES_AGGRESSIVE;
				CLANG_WARN_UNREACHABLE_CODE = YES;
				CLANG_WARN__DUPLICATE_METHOD_MATCH = YES;
				COPY_PHASE_STRIP = NO;
				DEBUG_INFORMATION_FORMAT = dwarf;
				ENABLE_STRICT_OBJC_MSGSEND = YES;
				ENABLE_TESTABILITY = YES;
				ENABLE_USER_SCRIPT_SANDBOXING = YES;
				GCC_C_LANGUAGE_STANDARD = gnu17;
				GCC_DYNAMIC_NO_PIC = NO;
				GCC_NO_COMMON_BLOCKS = YES;
				GCC_OPTIMIZATION_LEVEL = 0;
				GCC_PREPROCESSOR_DEFINITIONS = (
					"DEBUG=1",
					"$(inherited)",
				);
				GCC_WARN_64_TO_32_BIT_CONVERSION = YES;
				GCC_WARN_ABOUT_RETURN_TYPE = YES_ERROR;
				GCC_WARN_UNDECLARED_SELECTOR = YES;
				GCC_WARN_UNINITIALIZED_AUTOS = YES_AGGRESSIVE;
				GCC_WARN_UNUSED_FUNCTION = YES;
				GCC_WARN_UNUSED_VARIABLE = YES;
				IPHONEOS_DEPLOYMENT_TARGET = 17.4;
				LOCALIZATION_PREFERS_STRING_CATALOGS = YES;
				MTL_ENABLE_DEBUG_INFO = INCLUDE_SOURCE;
				MTL_FAST_MATH = YES;
				ONLY_ACTIVE_ARCH = YES;
				SDKROOT = iphoneos;
				SWIFT_ACTIVE_COMPILATION_CONDITIONS = "DEBUG $(inherited)";
				SWIFT_OPTIMIZATION_LEVEL = "-Onone";
			};
			name = Debug;
		};
		EC46525A2BD006EC00AE8068 /* Release */ = {
			isa = XCBuildConfiguration;
			buildSettings = {
				ALWAYS_SEARCH_USER_PATHS = NO;
				ASSETCATALOG_COMPILER_GENERATE_SWIFT_ASSET_SYMBOL_EXTENSIONS = YES;
				CLANG_ANALYZER_NONNULL = YES;
				CLANG_ANALYZER_NUMBER_OBJECT_CONVERSION = YES_AGGRESSIVE;
				CLANG_CXX_LANGUAGE_STANDARD = "gnu++20";
				CLANG_ENABLE_MODULES = YES;
				CLANG_ENABLE_OBJC_ARC = YES;
				CLANG_ENABLE_OBJC_WEAK = YES;
				CLANG_WARN_BLOCK_CAPTURE_AUTORELEASING = YES;
				CLANG_WARN_BOOL_CONVERSION = YES;
				CLANG_WARN_COMMA = YES;
				CLANG_WARN_CONSTANT_CONVERSION = YES;
				CLANG_WARN_DEPRECATED_OBJC_IMPLEMENTATIONS = YES;
				CLANG_WARN_DIRECT_OBJC_ISA_USAGE = YES_ERROR;
				CLANG_WARN_DOCUMENTATION_COMMENTS = YES;
				CLANG_WARN_EMPTY_BODY = YES;
				CLANG_WARN_ENUM_CONVERSION = YES;
				CLANG_WARN_INFINITE_RECURSION = YES;
				CLANG_WARN_INT_CONVERSION = YES;
				CLANG_WARN_NON_LITERAL_NULL_CONVERSION = YES;
				CLANG_WARN_OBJC_IMPLICIT_RETAIN_SELF = YES;
				CLANG_WARN_OBJC_LITERAL_CONVERSION = YES;
				CLANG_WARN_OBJC_ROOT_CLASS = YES_ERROR;
				CLANG_WARN_QUOTED_INCLUDE_IN_FRAMEWORK_HEADER = YES;
				CLANG_WARN_RANGE_LOOP_ANALYSIS = YES;
				CLANG_WARN_STRICT_PROTOTYPES = YES;
				CLANG_WARN_SUSPICIOUS_MOVE = YES;
				CLANG_WARN_UNGUARDED_AVAILABILITY = YES_AGGRESSIVE;
				CLANG_WARN_UNREACHABLE_CODE = YES;
				CLANG_WARN__DUPLICATE_METHOD_MATCH = YES;
				COPY_PHASE_STRIP = NO;
				DEBUG_INFORMATION_FORMAT = "dwarf-with-dsym";
				ENABLE_NS_ASSERTIONS = NO;
				ENABLE_STRICT_OBJC_MSGSEND = YES;
				ENABLE_USER_SCRIPT_SANDBOXING = YES;
				GCC_C_LANGUAGE_STANDARD = gnu17;
				GCC_NO_COMMON_BLOCKS = YES;
				GCC_WARN_64_TO_32_BIT_CONVERSION = YES;
				GCC_WARN_ABOUT_RETURN_TYPE = YES_ERROR;
				GCC_WARN_UNDECLARED_SELECTOR = YES;
				GCC_WARN_UNINITIALIZED_AUTOS = YES_AGGRESSIVE;
				GCC_WARN_UNUSED_FUNCTION = YES;
				GCC_WARN_UNUSED_VARIABLE = YES;
				IPHONEOS_DEPLOYMENT_TARGET = 17.4;
				LOCALIZATION_PREFERS_STRING_CATALOGS = YES;
				MTL_ENABLE_DEBUG_INFO = NO;
				MTL_FAST_MATH = YES;
				SDKROOT = iphoneos;
				SWIFT_COMPILATION_MODE = wholemodule;
				VALIDATE_PRODUCT = YES;
			};
			name = Release;
		};
		EC46525C2BD006EC00AE8068 /* Debug */ = {
			isa = XCBuildConfiguration;
			buildSettings = {
				ASSETCATALOG_COMPILER_APPICON_NAME = AppIcon;
				ASSETCATALOG_COMPILER_GLOBAL_ACCENT_COLOR_NAME = AccentColor;
				CODE_SIGN_STYLE = Automatic;
				CURRENT_PROJECT_VERSION = 1;
				DEVELOPMENT_ASSET_PATHS = "\"SwiftUIBBQuotes/Preview Content\"";
				DEVELOPMENT_TEAM = 9RY3YFMNU4;
				ENABLE_PREVIEWS = YES;
				GENERATE_INFOPLIST_FILE = YES;
				INFOPLIST_KEY_UIApplicationSceneManifest_Generation = YES;
				INFOPLIST_KEY_UIApplicationSupportsIndirectInputEvents = YES;
				INFOPLIST_KEY_UILaunchScreen_Generation = YES;
				INFOPLIST_KEY_UISupportedInterfaceOrientations_iPad = "UIInterfaceOrientationPortrait UIInterfaceOrientationPortraitUpsideDown UIInterfaceOrientationLandscapeLeft UIInterfaceOrientationLandscapeRight";
				INFOPLIST_KEY_UISupportedInterfaceOrientations_iPhone = "UIInterfaceOrientationPortrait UIInterfaceOrientationLandscapeLeft UIInterfaceOrientationLandscapeRight";
				LD_RUNPATH_SEARCH_PATHS = (
					"$(inherited)",
					"@executable_path/Frameworks",
				);
				MARKETING_VERSION = 1.0;
				PRODUCT_BUNDLE_IDENTIFIER = com.swiftuilp.SwiftUIBBQuotes;
				PRODUCT_NAME = "$(TARGET_NAME)";
				SWIFT_EMIT_LOC_STRINGS = YES;
				SWIFT_VERSION = 5.0;
				TARGETED_DEVICE_FAMILY = "1,2";
			};
			name = Debug;
		};
		EC46525D2BD006EC00AE8068 /* Release */ = {
			isa = XCBuildConfiguration;
			buildSettings = {
				ASSETCATALOG_COMPILER_APPICON_NAME = AppIcon;
				ASSETCATALOG_COMPILER_GLOBAL_ACCENT_COLOR_NAME = AccentColor;
				CODE_SIGN_STYLE = Automatic;
				CURRENT_PROJECT_VERSION = 1;
				DEVELOPMENT_ASSET_PATHS = "\"SwiftUIBBQuotes/Preview Content\"";
				DEVELOPMENT_TEAM = 9RY3YFMNU4;
				ENABLE_PREVIEWS = YES;
				GENERATE_INFOPLIST_FILE = YES;
				INFOPLIST_KEY_UIApplicationSceneManifest_Generation = YES;
				INFOPLIST_KEY_UIApplicationSupportsIndirectInputEvents = YES;
				INFOPLIST_KEY_UILaunchScreen_Generation = YES;
				INFOPLIST_KEY_UISupportedInterfaceOrientations_iPad = "UIInterfaceOrientationPortrait UIInterfaceOrientationPortraitUpsideDown UIInterfaceOrientationLandscapeLeft UIInterfaceOrientationLandscapeRight";
				INFOPLIST_KEY_UISupportedInterfaceOrientations_iPhone = "UIInterfaceOrientationPortrait UIInterfaceOrientationLandscapeLeft UIInterfaceOrientationLandscapeRight";
				LD_RUNPATH_SEARCH_PATHS = (
					"$(inherited)",
					"@executable_path/Frameworks",
				);
				MARKETING_VERSION = 1.0;
				PRODUCT_BUNDLE_IDENTIFIER = com.swiftuilp.SwiftUIBBQuotes;
				PRODUCT_NAME = "$(TARGET_NAME)";
				SWIFT_EMIT_LOC_STRINGS = YES;
				SWIFT_VERSION = 5.0;
				TARGETED_DEVICE_FAMILY = "1,2";
			};
			name = Release;
		};
/* End XCBuildConfiguration section */

/* Begin XCConfigurationList section */
		EC4652482BD006EA00AE8068 /* Build configuration list for PBXProject "SwiftUIBBQuotes" */ = {
			isa = XCConfigurationList;
			buildConfigurations = (
				EC4652592BD006EC00AE8068 /* Debug */,
				EC46525A2BD006EC00AE8068 /* Release */,
			);
			defaultConfigurationIsVisible = 0;
			defaultConfigurationName = Release;
		};
		EC46525B2BD006EC00AE8068 /* Build configuration list for PBXNativeTarget "SwiftUIBBQuotes" */ = {
			isa = XCConfigurationList;
			buildConfigurations = (
				EC46525C2BD006EC00AE8068 /* Debug */,
				EC46525D2BD006EC00AE8068 /* Release */,
			);
			defaultConfigurationIsVisible = 0;
			defaultConfigurationName = Release;
		};
/* End XCConfigurationList section */
	};
	rootObject = EC4652452BD006EA00AE8068 /* Project object */;
}
